
Microsoft Visual Studio Solution File, Format Version 12.00
# Visual Studio Version 16
VisualStudioVersion = 16.0.30309.148
MinimumVisualStudioVersion = 10.0.40219.1
Project("{9A19103F-16F7-4668-BE54-9A1E7A4F7556}") = "CourseEnrollment.Api", "CourseEnrollment.Api\CourseEnrollment.Api.csproj", "{3FCC7A4F-3BDC-450D-BAB6-D9C0AE5CFB50}"
EndProject
Project("{9A19103F-16F7-4668-BE54-9A1E7A4F7556}") = "CourseEnrollment.Core", "CourseEnrollment.Core\CourseEnrollment.Core.csproj", "{7663334E-2355-4E95-A2D9-EDB548B99A1F}"
EndProject
Project("{9A19103F-16F7-4668-BE54-9A1E7A4F7556}") = "CourseEnrollment.Infra", "CourseEnrollment.Infra\CourseEnrollment.Infra.csproj", "{73BA8933-B42A-459A-8052-89A286848958}"
EndProject
Project("{FAE04EC0-301F-11D3-BF4B-00C04F79EFBC}") = "StaffManagement.Api", "StaffManagement.Api\StaffManagement.Api.csproj", "{40AACDDD-9C7F-41EB-AA7F-9E6F55BB150C}"
EndProject
Global
	GlobalSection(SolutionConfigurationPlatforms) = preSolution
		Debug|Any CPU = Debug|Any CPU
		Release|Any CPU = Release|Any CPU
	EndGlobalSection
	GlobalSection(ProjectConfigurationPlatforms) = postSolution
		{3FCC7A4F-3BDC-450D-BAB6-D9C0AE5CFB50}.Debug|Any CPU.ActiveCfg = Debug|Any CPU
		{3FCC7A4F-3BDC-450D-BAB6-D9C0AE5CFB50}.Debug|Any CPU.Build.0 = Debug|Any CPU
		{3FCC7A4F-3BDC-450D-BAB6-D9C0AE5CFB50}.Release|Any CPU.ActiveCfg = Release|Any CPU
		{3FCC7A4F-3BDC-450D-BAB6-D9C0AE5CFB50}.Release|Any CPU.Build.0 = Release|Any CPU
		{7663334E-2355-4E95-A2D9-EDB548B99A1F}.Debug|Any CPU.ActiveCfg = Debug|Any CPU
		{7663334E-2355-4E95-A2D9-EDB548B99A1F}.Debug|Any CPU.Build.0 = Debug|Any CPU
		{7663334E-2355-4E95-A2D9-EDB548B99A1F}.Release|Any CPU.ActiveCfg = Release|Any CPU
		{7663334E-2355-4E95-A2D9-EDB548B99A1F}.Release|Any CPU.Build.0 = Release|Any CPU
		{73BA8933-B42A-459A-8052-89A286848958}.Debug|Any CPU.ActiveCfg = Debug|Any CPU
		{73BA8933-B42A-459A-8052-89A286848958}.Debug|Any CPU.Build.0 = Debug|Any CPU
		{73BA8933-B42A-459A-8052-89A286848958}.Release|Any CPU.ActiveCfg = Release|Any CPU
		{73BA8933-B42A-459A-8052-89A286848958}.Release|Any CPU.Build.0 = Release|Any CPU
		{40AACDDD-9C7F-41EB-AA7F-9E6F55BB150C}.Debug|Any CPU.ActiveCfg = Debug|Any CPU
		{40AACDDD-9C7F-41EB-AA7F-9E6F55BB150C}.Debug|Any CPU.Build.0 = Debug|Any CPU
		{40AACDDD-9C7F-41EB-AA7F-9E6F55BB150C}.Release|Any CPU.ActiveCfg = Release|Any CPU
		{40AACDDD-9C7F-41EB-AA7F-9E6F55BB150C}.Release|Any CPU.Build.0 = Release|Any CPU
	EndGlobalSection
	GlobalSection(SolutionProperties) = preSolution
		HideSolutionNode = FALSE
	EndGlobalSection
	GlobalSection(ExtensibilityGlobals) = postSolution
		SolutionGuid = {0DC8E8F7-C222-40B0-B86D-99D8DF648762}
	EndGlobalSection
EndGlobal
